// !$*UTF8*$!
{
	archiveVersion = 1;
	classes = {
	};
	objectVersion = 77;
	objects = {

/* Begin PBXBuildFile section */
		208C66B72F6A29A7006645C9 /* RiveRuntime in Frameworks */ = {isa = PBXBuildFile; productRef = 200A52C12EBE637A00FC0C0F /* RiveRuntime */; };
/* End PBXBuildFile section */

/* Begin PBXContainerItemProxy section */
		200A527B2EBE637B00FC0C0F /* PBXContainerItemProxy */ = {
			isa = PBXContainerItemProxy;
			containerPortal = 200A52602EBE637A00FC0C0F /* Project object */;
			proxyType = 1;
			remoteGlobalIDString = 200A52672EBE637A00FC0C0F;
			remoteInfo = FocusFlip;
		};
		200A52852EBE637B00FC0C0F /* PBXContainerItemProxy */ = {
			isa = PBXContainerItemProxy;
			containerPortal = 200A52602EBE637A00FC0C0F /* Project object */;
			proxyType = 1;
			remoteGlobalIDString = 200A52672EBE637A00FC0C0F;
			remoteInfo = FocusFlip;
		};
/* End PBXContainerItemProxy section */

/* Begin PBXFileReference section */
		200A52682EBE637A00FC0C0F /* FlipPhone.app */ = {isa = PBXFileReference; explicitFileType = wrapper.application; includeInIndex = 0; path = FlipPhone.app; sourceTree = BUILT_PRODUCTS_DIR; };
		200A527A2EBE637B00FC0C0F /* FocusFlipTests.xctest */ = {isa = PBXFileReference; explicitFileType = wrapper.cfbundle; includeInIndex = 0; path = FocusFlipTests.xctest; sourceTree = BUILT_PRODUCTS_DIR; };
		200A52842EBE637B00FC0C0F /* FocusFlipUITests.xctest */ = {isa = PBXFileReference; explicitFileType = wrapper.cfbundle; includeInIndex = 0; path = FocusFlipUITests.xctest; sourceTree = BUILT_PRODUCTS_DIR; };
		200A52B02EBE637A00FC0C0F /* FocusFlip/flipphone_hero.riv */ = {isa = PBXFileReference; lastKnownFileType = file; path = FocusFlip/flipphone_hero.riv; sourceTree = SOURCE_ROOT; };
		200A52B12EBE637A00FC0C0F /* FocusFlip/Rive/flipphone_logo.riv */ = {isa = PBXFileReference; lastKnownFileType = file; path = FocusFlip/Rive/flipphone_logo.riv; sourceTree = SOURCE_ROOT; };
/* End PBXFileReference section */

/* Begin PBXFileSystemSynchronizedRootGroup section */
		200A526A2EBE637A00FC0C0F /* FocusFlip */ = {
			isa = PBXFileSystemSynchronizedRootGroup;
			path = FocusFlip;
			sourceTree = "<group>";
		};
		200A527D2EBE637B00FC0C0F /* FocusFlipTests */ = {
			isa = PBXFileSystemSynchronizedRootGroup;
			path = FocusFlipTests;
			sourceTree = "<group>";
		};
		200A52872EBE637B00FC0C0F /* FocusFlipUITests */ = {
			isa = PBXFileSystemSynchronizedRootGroup;
			path = FocusFlipUITests;
			sourceTree = "<group>";
		};
/* End PBXFileSystemSynchronizedRootGroup section */

/* Begin PBXFrameworksBuildPhase section */
		200A52652EBE637A00FC0C0F /* Frameworks */ = {
			isa = PBXFrameworksBuildPhase;
			buildActionMask = 2147483647;
			files = (
				208C66B72F6A29A7006645C9 /* RiveRuntime in Frameworks */,
			);
			runOnlyForDeploymentPostprocessing = 0;
		};
		200A52772EBE637B00FC0C0F /* Frameworks */ = {
			isa = PBXFrameworksBuildPhase;
			buildActionMask = 2147483647;
			files = (
			);
			runOnlyForDeploymentPostprocessing = 0;
		};
		200A52812EBE637B00FC0C0F /* Frameworks */ = {
			isa = PBXFrameworksBuildPhase;
			buildActionMask = 2147483647;
			files = (
			);
			runOnlyForDeploymentPostprocessing = 0;
		};
/* End PBXFrameworksBuildPhase section */

/* Begin PBXGroup section */
		200A525F2EBE637A00FC0C0F = {
			isa = PBXGroup;
			children = (
				200A526A2EBE637A00FC0C0F /* FocusFlip */,
				200A527D2EBE637B00FC0C0F /* FocusFlipTests */,
				200A52872EBE637B00FC0C0F /* FocusFlipUITests */,
				200A52B42EBE637A00FC0C0F /* Rive Resources */,
				200A52692EBE637A00FC0C0F /* Products */,
			);
			sourceTree = "<group>";
		};
		200A52692EBE637A00FC0C0F /* Products */ = {
			isa = PBXGroup;
			children = (
				200A52682EBE637A00FC0C0F /* FlipPhone.app */,
				200A527A2EBE637B00FC0C0F /* FocusFlipTests.xctest */,
				200A52842EBE637B00FC0C0F /* FocusFlipUITests.xctest */,
			);
			name = Products;
			sourceTree = "<group>";
		};
		200A52B42EBE637A00FC0C0F /* Rive Resources */ = {
			isa = PBXGroup;
			children = (
				200A52B02EBE637A00FC0C0F /* FocusFlip/flipphone_hero.riv */,
				200A52B12EBE637A00FC0C0F /* FocusFlip/Rive/flipphone_logo.riv */,
			);
			name = "Rive Resources";
			sourceTree = "<group>";
		};
/* End PBXGroup section */

/* Begin PBXNativeTarget section */
		200A52672EBE637A00FC0C0F /* FocusFlip */ = {
			isa = PBXNativeTarget;
			buildConfigurationList = 200A528E2EBE637B00FC0C0F /* Build configuration list for PBXNativeTarget "FocusFlip" */;
			buildPhases = (
				200A52642EBE637A00FC0C0F /* Sources */,
				200A52652EBE637A00FC0C0F /* Frameworks */,
				200A52662EBE637A00FC0C0F /* Resources */,
			);
			buildRules = (
			);
			dependencies = (
			);
			fileSystemSynchronizedGroups = (
				200A526A2EBE637A00FC0C0F /* FocusFlip */,
			);
			name = FocusFlip;
			packageProductDependencies = (
				200A52C12EBE637A00FC0C0F /* RiveRuntime */,
			);
			productName = FocusFlip;
			productReference = 200A52682EBE637A00FC0C0F /* FlipPhone.app */;
			productType = "com.apple.product-type.application";
		};
		200A52792EBE637B00FC0C0F /* FocusFlipTests */ = {
			isa = PBXNativeTarget;
			buildConfigurationList = 200A52912EBE637B00FC0C0F /* Build configuration list for PBXNativeTarget "FocusFlipTests" */;
			buildPhases = (
				200A52762EBE637B00FC0C0F /* Sources */,
				200A52772EBE637B00FC0C0F /* Frameworks */,
				200A52782EBE637B00FC0C0F /* Resources */,
			);
			buildRules = (
			);
			dependencies = (
				200A527C2EBE637B00FC0C0F /* PBXTargetDependency */,
			);
			fileSystemSynchronizedGroups = (
				200A527D2EBE637B00FC0C0F /* FocusFlipTests */,
			);
			name = FocusFlipTests;
			packageProductDependencies = (
			);
			productName = FocusFlipTests;
			productReference = 200A527A2EBE637B00FC0C0F /* FocusFlipTests.xctest */;
			productType = "com.apple.product-type.bundle.unit-test";
		};
		200A52832EBE637B00FC0C0F /* FocusFlipUITests */ = {
			isa = PBXNativeTarget;
			buildConfigurationList = 200A52942EBE637B00FC0C0F /* Build configuration list for PBXNativeTarget "FocusFlipUITests" */;
			buildPhases = (
				200A52802EBE637B00FC0C0F /* Sources */,
				200A52812EBE637B00FC0C0F /* Frameworks */,
				200A52822EBE637B00FC0C0F /* Resources */,
			);
			buildRules = (
			);
			dependencies = (
				200A52862EBE637B00FC0C0F /* PBXTargetDependency */,
			);
			fileSystemSynchronizedGroups = (
				200A52872EBE637B00FC0C0F /* FocusFlipUITests */,
			);
			name = FocusFlipUITests;
			packageProductDependencies = (
			);
			productName = FocusFlipUITests;
			productReference = 200A52842EBE637B00FC0C0F /* FocusFlipUITests.xctest */;
			productType = "com.apple.product-type.bundle.ui-testing";
		};
/* End PBXNativeTarget section */

/* Begin PBXProject section */
		200A52602EBE637A00FC0C0F /* Project object */ = {
			isa = PBXProject;
			attributes = {
				BuildIndependentTargetsInParallel = 1;
				LastSwiftUpdateCheck = 1620;
				LastUpgradeCheck = 1620;
				TargetAttributes = {
					200A52672EBE637A00FC0C0F = {
						CreatedOnToolsVersion = 16.2;
					};
					200A52792EBE637B00FC0C0F = {
						CreatedOnToolsVersion = 16.2;
						TestTargetID = 200A52672EBE637A00FC0C0F;
					};
					200A52832EBE637B00FC0C0F = {
						CreatedOnToolsVersion = 16.2;
						TestTargetID = 200A52672EBE637A00FC0C0F;
					};
				};
			};
			buildConfigurationList = 200A52632EBE637A00FC0C0F /* Build configuration list for PBXProject "FocusFlip" */;
			developmentRegion = en;
			hasScannedForEncodings = 0;
			knownRegions = (
				en,
				Base,
			);
			mainGroup = 200A525F2EBE637A00FC0C0F;
			minimizedProjectReferenceProxies = 1;
			packageReferences = (
				200A52C02EBE637A00FC0C0F /* XCRemoteSwiftPackageReference "rive-ios" */,
			);
			preferredProjectObjectVersion = 77;
			productRefGroup = 200A52692EBE637A00FC0C0F /* Products */;
			projectDirPath = "";
			projectRoot = "";
			targets = (
				200A52672EBE637A00FC0C0F /* FocusFlip */,
				200A52792EBE637B00FC0C0F /* FocusFlipTests */,
				200A52832EBE637B00FC0C0F /* FocusFlipUITests */,
			);
		};
/* End PBXProject section */

/* Begin PBXResourcesBuildPhase section */
		200A52662EBE637A00FC0C0F /* Resources */ = {
			isa = PBXResourcesBuildPhase;
			buildActionMask = 2147483647;
			files = (
			);
			runOnlyForDeploymentPostprocessing = 0;
		};
		200A52782EBE637B00FC0C0F /* Resources */ = {
			isa = PBXResourcesBuildPhase;
			buildActionMask = 2147483647;
			files = (
			);
			runOnlyForDeploymentPostprocessing = 0;
		};
		200A52822EBE637B00FC0C0F /* Resources */ = {
			isa = PBXResourcesBuildPhase;
			buildActionMask = 2147483647;
			files = (
			);
			runOnlyForDeploymentPostprocessing = 0;
		};
/* End PBXResourcesBuildPhase section */

/* Begin PBXSourcesBuildPhase section */
		200A52642EBE637A00FC0C0F /* Sources */ = {
			isa = PBXSourcesBuildPhase;
			buildActionMask = 2147483647;
			files = (
			);
			runOnlyForDeploymentPostprocessing = 0;
		};
		200A52762EBE637B00FC0C0F /* Sources */ = {
			isa = PBXSourcesBuildPhase;
			buildActionMask = 2147483647;
			files = (
			);
			runOnlyForDeploymentPostprocessing = 0;
		};
		200A52802EBE637B00FC0C0F /* Sources */ = {
			isa = PBXSourcesBuildPhase;
			buildActionMask = 2147483647;
			files = (
			);
			runOnlyForDeploymentPostprocessing = 0;
		};
/* End PBXSourcesBuildPhase section */

/* Begin PBXTargetDependency section */
		200A527C2EBE637B00FC0C0F /* PBXTargetDependency */ = {
			isa = PBXTargetDependency;
			target = 200A52672EBE637A00FC0C0F /* FocusFlip */;
			targetProxy = 200A527B2EBE637B00FC0C0F /* PBXContainerItemProxy */;
		};
		200A52862EBE637B00FC0C0F /* PBXTargetDependency */ = {
			isa = PBXTargetDependency;
			target = 200A52672EBE637A00FC0C0F /* FocusFlip */;
			targetProxy = 200A52852EBE637B00FC0C0F /* PBXContainerItemProxy */;
		};
/* End PBXTargetDependency section */

/* Begin XCBuildConfiguration section */
		200A528C2EBE637B00FC0C0F /* Debug */ = {
			isa = XCBuildConfiguration;
			buildSettings = {
				ALWAYS_SEARCH_USER_PATHS = NO;
				ASSETCATALOG_COMPILER_GENERATE_SWIFT_ASSET_SYMBOL_EXTENSIONS = YES;
				CLANG_ANALYZER_NONNULL = YES;
				CLANG_ANALYZER_NUMBER_OBJECT_CONVERSION = YES_AGGRESSIVE;
				CLANG_CXX_LANGUAGE_STANDARD = "gnu++20";
				CLANG_ENABLE_MODULES = YES;
				CLANG_ENABLE_OBJC_ARC = YES;
				CLANG_ENABLE_OBJC_WEAK = YES;
				CLANG_WARN_BLOCK_CAPTURE_AUTORELEASING = YES;
				CLANG_WARN_BOOL_CONVERSION = YES;
				CLANG_WARN_COMMA = YES;
				CLANG_WARN_CONSTANT_CONVERSION = YES;
				CLANG_WARN_DEPRECATED_OBJC_IMPLEMENTATIONS = YES;
				CLANG_WARN_DIRECT_OBJC_ISA_USAGE = YES_ERROR;
				CLANG_WARN_DOCUMENTATION_COMMENTS = YES;
				CLANG_WARN_EMPTY_BODY = YES;
				CLANG_WARN_ENUM_CONVERSION = YES;
				CLANG_WARN_INFINITE_RECURSION = YES;
				CLANG_WARN_INT_CONVERSION = YES;
				CLANG_WARN_NON_LITERAL_NULL_CONVERSION = YES;
				CLANG_WARN_OBJC_IMPLICIT_RETAIN_SELF = YES;
				CLANG_WARN_OBJC_LITERAL_CONVERSION = YES;
				CLANG_WARN_OBJC_ROOT_CLASS = YES_ERROR;
				CLANG_WARN_QUOTED_INCLUDE_IN_FRAMEWORK_HEADER = YES;
				CLANG_WARN_RANGE_LOOP_ANALYSIS = YES;
				CLANG_WARN_STRICT_PROTOTYPES = YES;
				CLANG_WARN_SUSPICIOUS_MOVE = YES;
				CLANG_WARN_UNGUARDED_AVAILABILITY = YES_AGGRESSIVE;
				CLANG_WARN_UNREACHABLE_CODE = YES;
				CLANG_WARN__DUPLICATE_METHOD_MATCH = YES;
				COPY_PHASE_STRIP = NO;
				DEBUG_INFORMATION_FORMAT = dwarf;
				ENABLE_STRICT_OBJC_MSGSEND = YES;
				ENABLE_TESTABILITY = YES;
				ENABLE_USER_SCRIPT_SANDBOXING = YES;
				GCC_C_LANGUAGE_STANDARD = gnu17;
				GCC_DYNAMIC_NO_PIC = NO;
				GCC_NO_COMMON_BLOCKS = YES;
				GCC_OPTIMIZATION_LEVEL = 0;
				GCC_PREPROCESSOR_DEFINITIONS = (
					"DEBUG=1",
					"$(inherited)",
				);
				GCC_WARN_64_TO_32_BIT_CONVERSION = YES;
				GCC_WARN_ABOUT_RETURN_TYPE = YES_ERROR;
				GCC_WARN_UNDECLARED_SELECTOR = YES;
				GCC_WARN_UNINITIALIZED_AUTOS = YES_AGGRESSIVE;
				GCC_WARN_UNUSED_FUNCTION = YES;
				GCC_WARN_UNUSED_VARIABLE = YES;
				IPHONEOS_DEPLOYMENT_TARGET = 18.2;
				LOCALIZATION_PREFERS_STRING_CATALOGS = YES;
				MTL_ENABLE_DEBUG_INFO = INCLUDE_SOURCE;
				MTL_FAST_MATH = YES;
				ONLY_ACTIVE_ARCH = YES;
				SDKROOT = iphoneos;
				SWIFT_ACTIVE_COMPILATION_CONDITIONS = "DEBUG $(inherited)";
				SWIFT_OPTIMIZATION_LEVEL = "-Onone";
			};
			name = Debug;
		};
		200A528D2EBE637B00FC0C0F /* Release */ = {
			isa = XCBuildConfiguration;
			buildSettings = {
				ALWAYS_SEARCH_USER_PATHS = NO;
				ASSETCATALOG_COMPILER_GENERATE_SWIFT_ASSET_SYMBOL_EXTENSIONS = YES;
				CLANG_ANALYZER_NONNULL = YES;
				CLANG_ANALYZER_NUMBER_OBJECT_CONVERSION = YES_AGGRESSIVE;
				CLANG_CXX_LANGUAGE_STANDARD = "gnu++20";
				CLANG_ENABLE_MODULES = YES;
				CLANG_ENABLE_OBJC_ARC = YES;
				CLANG_ENABLE_OBJC_WEAK = YES;
				CLANG_WARN_BLOCK_CAPTURE_AUTORELEASING = YES;
				CLANG_WARN_BOOL_CONVERSION = YES;
				CLANG_WARN_COMMA = YES;
				CLANG_WARN_CONSTANT_CONVERSION = YES;
				CLANG_WARN_DEPRECATED_OBJC_IMPLEMENTATIONS = YES;
				CLANG_WARN_DIRECT_OBJC_ISA_USAGE = YES_ERROR;
				CLANG_WARN_DOCUMENTATION_COMMENTS = YES;
				CLANG_WARN_EMPTY_BODY = YES;
				CLANG_WARN_ENUM_CONVERSION = YES;
				CLANG_WARN_INFINITE_RECURSION = YES;
				CLANG_WARN_INT_CONVERSION = YES;
				CLANG_WARN_NON_LITERAL_NULL_CONVERSION = YES;
				CLANG_WARN_OBJC_IMPLICIT_RETAIN_SELF = YES;
				CLANG_WARN_OBJC_LITERAL_CONVERSION = YES;
				CLANG_WARN_OBJC_ROOT_CLASS = YES_ERROR;
				CLANG_WARN_QUOTED_INCLUDE_IN_FRAMEWORK_HEADER = YES;
				CLANG_WARN_RANGE_LOOP_ANALYSIS = YES;
				CLANG_WARN_STRICT_PROTOTYPES = YES;
				CLANG_WARN_SUSPICIOUS_MOVE = YES;
				CLANG_WARN_UNGUARDED_AVAILABILITY = YES_AGGRESSIVE;
				CLANG_WARN_UNREACHABLE_CODE = YES;
				CLANG_WARN__DUPLICATE_METHOD_MATCH = YES;
				COPY_PHASE_STRIP = NO;
				DEBUG_INFORMATION_FORMAT = "dwarf-with-dsym";
				ENABLE_NS_ASSERTIONS = NO;
				ENABLE_STRICT_OBJC_MSGSEND = YES;
				ENABLE_USER_SCRIPT_SANDBOXING = YES;
				GCC_C_LANGUAGE_STANDARD = gnu17;
				GCC_NO_COMMON_BLOCKS = YES;
				GCC_WARN_64_TO_32_BIT_CONVERSION = YES;
				GCC_WARN_ABOUT_RETURN_TYPE = YES_ERROR;
				GCC_WARN_UNDECLARED_SELECTOR = YES;
				GCC_WARN_UNINITIALIZED_AUTOS = YES_AGGRESSIVE;
				GCC_WARN_UNUSED_FUNCTION = YES;
				GCC_WARN_UNUSED_VARIABLE = YES;
				IPHONEOS_DEPLOYMENT_TARGET = 18.2;
				LOCALIZATION_PREFERS_STRING_CATALOGS = YES;
				MTL_ENABLE_DEBUG_INFO = NO;
				MTL_FAST_MATH = YES;
				SDKROOT = iphoneos;
				SWIFT_COMPILATION_MODE = wholemodule;
				VALIDATE_PRODUCT = YES;
			};
			name = Release;
		};
		200A528F2EBE637B00FC0C0F /* Debug */ = {
			isa = XCBuildConfiguration;
			buildSettings = {
				ASSETCATALOG_COMPILER_APPICON_NAME = AppIcon;
				ASSETCATALOG_COMPILER_GLOBAL_ACCENT_COLOR_NAME = AccentColor;
				CODE_SIGN_STYLE = Automatic;
				CURRENT_PROJECT_VERSION = 1;
				DEVELOPMENT_ASSET_PATHS = "\"FocusFlip/Preview Content\"";
				DEVELOPMENT_TEAM = Z55435799Z;
				ENABLE_PREVIEWS = YES;
				GENERATE_INFOPLIST_FILE = YES;
				INFOPLIST_KEY_CFBundleDisplayName = FlipPhone;
				INFOPLIST_KEY_UIApplicationSceneManifest_Generation = YES;
				INFOPLIST_KEY_UIApplicationSupportsIndirectInputEvents = YES;
				INFOPLIST_KEY_UILaunchScreen_Generation = YES;
				INFOPLIST_KEY_UISupportedInterfaceOrientations_iPad = "UIInterfaceOrientationPortrait UIInterfaceOrientationPortraitUpsideDown UIInterfaceOrientationLandscapeLeft UIInterfaceOrientationLandscapeRight";
				INFOPLIST_KEY_UISupportedInterfaceOrientations_iPhone = "UIInterfaceOrientationPortrait UIInterfaceOrientationLandscapeLeft UIInterfaceOrientationLandscapeRight";
				LD_RUNPATH_SEARCH_PATHS = (
					"$(inherited)",
					"@executable_path/Frameworks",
				);
				MARKETING_VERSION = 1.0;
				PRODUCT_BUNDLE_IDENTIFIER = sunnyside.FlipPhone;
				PRODUCT_NAME = FlipPhone;
				SWIFT_EMIT_LOC_STRINGS = YES;
				SWIFT_VERSION = 5.0;
				TARGETED_DEVICE_FAMILY = "1,2";
			};
			name = Debug;
		};
		200A52902EBE637B00FC0C0F /* Release */ = {
			isa = XCBuildConfiguration;
			buildSettings = {
				ASSETCATALOG_COMPILER_APPICON_NAME = AppIcon;
				ASSETCATALOG_COMPILER_GLOBAL_ACCENT_COLOR_NAME = AccentColor;
				CODE_SIGN_STYLE = Automatic;
				CURRENT_PROJECT_VERSION = 1;
				DEVELOPMENT_ASSET_PATHS = "\"FocusFlip/Preview Content\"";
				DEVELOPMENT_TEAM = Z55435799Z;
				ENABLE_PREVIEWS = YES;
				GENERATE_INFOPLIST_FILE = YES;
				INFOPLIST_KEY_CFBundleDisplayName = FlipPhone;
				INFOPLIST_KEY_UIApplicationSceneManifest_Generation = YES;
				INFOPLIST_KEY_UIApplicationSupportsIndirectInputEvents = YES;
				INFOPLIST_KEY_UILaunchScreen_Generation = YES;
				INFOPLIST_KEY_UISupportedInterfaceOrientations_iPad = "UIInterfaceOrientationPortrait UIInterfaceOrientationPortraitUpsideDown UIInterfaceOrientationLandscapeLeft UIInterfaceOrientationLandscapeRight";
				INFOPLIST_KEY_UISupportedInterfaceOrientations_iPhone = "UIInterfaceOrientationPortrait UIInterfaceOrientationLandscapeLeft UIInterfaceOrientationLandscapeRight";
				LD_RUNPATH_SEARCH_PATHS = (
					"$(inherited)",
					"@executable_path/Frameworks",
				);
				MARKETING_VERSION = 1.0;
				PRODUCT_BUNDLE_IDENTIFIER = sunnyside.FlipPhone;
				PRODUCT_NAME = FlipPhone;
				SWIFT_EMIT_LOC_STRINGS = YES;
				SWIFT_VERSION = 5.0;
				TARGETED_DEVICE_FAMILY = "1,2";
			};
			name = Release;
		};
		200A52922EBE637B00FC0C0F /* Debug */ = {
			isa = XCBuildConfiguration;
			buildSettings = {
				BUNDLE_LOADER = "$(TEST_HOST)";
				CODE_SIGN_STYLE = Automatic;
				CURRENT_PROJECT_VERSION = 1;
				DEVELOPMENT_TEAM = Z55435799Z;
				GENERATE_INFOPLIST_FILE = YES;
				IPHONEOS_DEPLOYMENT_TARGET = 18.2;
				MARKETING_VERSION = 1.0;
				PRODUCT_BUNDLE_IDENTIFIER = sunnyside.FocusFlipTests;
				PRODUCT_NAME = "$(TARGET_NAME)";
				SWIFT_EMIT_LOC_STRINGS = NO;
				SWIFT_VERSION = 5.0;
				TARGETED_DEVICE_FAMILY = "1,2";
				TEST_HOST = "$(BUILT_PRODUCTS_DIR)/FlipPhone.app/$(BUNDLE_EXECUTABLE_FOLDER_PATH)/FlipPhone";
			};
			name = Debug;
		};
		200A52932EBE637B00FC0C0F /* Release */ = {
			isa = XCBuildConfiguration;
			buildSettings = {
				BUNDLE_LOADER = "$(TEST_HOST)";
				CODE_SIGN_STYLE = Automatic;
				CURRENT_PROJECT_VERSION = 1;
				DEVELOPMENT_TEAM = Z55435799Z;
				GENERATE_INFOPLIST_FILE = YES;
				IPHONEOS_DEPLOYMENT_TARGET = 18.2;
				MARKETING_VERSION = 1.0;
				PRODUCT_BUNDLE_IDENTIFIER = sunnyside.FocusFlipTests;
				PRODUCT_NAME = "$(TARGET_NAME)";
				SWIFT_EMIT_LOC_STRINGS = NO;
				SWIFT_VERSION = 5.0;
				TARGETED_DEVICE_FAMILY = "1,2";
				TEST_HOST = "$(BUILT_PRODUCTS_DIR)/FlipPhone.app/$(BUNDLE_EXECUTABLE_FOLDER_PATH)/FlipPhone";
			};
			name = Release;
		};
		200A52952EBE637B00FC0C0F /* Debug */ = {
			isa = XCBuildConfiguration;
			buildSettings = {
				CODE_SIGN_STYLE = Automatic;
				CURRENT_PROJECT_VERSION = 1;
				DEVELOPMENT_TEAM = Z55435799Z;
				GENERATE_INFOPLIST_FILE = YES;
				MARKETING_VERSION = 1.0;
				PRODUCT_BUNDLE_IDENTIFIER = sunnyside.FocusFlipUITests;
				PRODUCT_NAME = "$(TARGET_NAME)";
				SWIFT_EMIT_LOC_STRINGS = NO;
				SWIFT_VERSION = 5.0;
				TARGETED_DEVICE_FAMILY = "1,2";
				TEST_TARGET_NAME = FocusFlip;
			};
			name = Debug;
		};
		200A52962EBE637B00FC0C0F /* Release */ = {
			isa = XCBuildConfiguration;
			buildSettings = {
				CODE_SIGN_STYLE = Automatic;
				CURRENT_PROJECT_VERSION = 1;
				DEVELOPMENT_TEAM = Z55435799Z;
				GENERATE_INFOPLIST_FILE = YES;
				MARKETING_VERSION = 1.0;
				PRODUCT_BUNDLE_IDENTIFIER = sunnyside.FocusFlipUITests;
				PRODUCT_NAME = "$(TARGET_NAME)";
				SWIFT_EMIT_LOC_STRINGS = NO;
				SWIFT_VERSION = 5.0;
				TARGETED_DEVICE_FAMILY = "1,2";
				TEST_TARGET_NAME = FocusFlip;
			};
			name = Release;
		};
/* End XCBuildConfiguration section */

/* Begin XCConfigurationList section */
		200A52632EBE637A00FC0C0F /* Build configuration list for PBXProject "FocusFlip" */ = {
			isa = XCConfigurationList;
			buildConfigurations = (
				200A528C2EBE637B00FC0C0F /* Debug */,
				200A528D2EBE637B00FC0C0F /* Release */,
			);
			defaultConfigurationIsVisible = 0;
			defaultConfigurationName = Release;
		};
		200A528E2EBE637B00FC0C0F /* Build configuration list for PBXNativeTarget "FocusFlip" */ = {
			isa = XCConfigurationList;
			buildConfigurations = (
				200A528F2EBE637B00FC0C0F /* Debug */,
				200A52902EBE637B00FC0C0F /* Release */,
			);
			defaultConfigurationIsVisible = 0;
			defaultConfigurationName = Release;
		};
		200A52912EBE637B00FC0C0F /* Build configuration list for PBXNativeTarget "FocusFlipTests" */ = {
			isa = XCConfigurationList;
			buildConfigurations = (
				200A52922EBE637B00FC0C0F /* Debug */,
				200A52932EBE637B00FC0C0F /* Release */,
			);
			defaultConfigurationIsVisible = 0;
			defaultConfigurationName = Release;
		};
		200A52942EBE637B00FC0C0F /* Build configuration list for PBXNativeTarget "FocusFlipUITests" */ = {
			isa = XCConfigurationList;
			buildConfigurations = (
				200A52952EBE637B00FC0C0F /* Debug */,
				200A52962EBE637B00FC0C0F /* Release */,
			);
			defaultConfigurationIsVisible = 0;
			defaultConfigurationName = Release;
		};
/* End XCConfigurationList section */

/* Begin XCRemoteSwiftPackageReference section */
		200A52C02EBE637A00FC0C0F /* XCRemoteSwiftPackageReference "rive-ios" */ = {
			isa = XCRemoteSwiftPackageReference;
			repositoryURL = "https://github.com/rive-app/rive-ios";
			requirement = {
				kind = upToNextMajorVersion;
				minimumVersion = 6.15.0;
			};
		};
/* End XCRemoteSwiftPackageReference section */

/* Begin XCSwiftPackageProductDependency section */
		200A52C12EBE637A00FC0C0F /* RiveRuntime */ = {
			isa = XCSwiftPackageProductDependency;
			package = 200A52C02EBE637A00FC0C0F /* XCRemoteSwiftPackageReference "rive-ios" */;
			productName = RiveRuntime;
		};
/* End XCSwiftPackageProductDependency section */
	};
	rootObject = 200A52602EBE637A00FC0C0F /* Project object */;
}
